
Microsoft Visual Studio Solution File, Format Version 12.00
# Visual Studio Version 17
VisualStudioVersion = 17.4.33205.214
MinimumVisualStudioVersion = 10.0.40219.1
Project("{9A19103F-16F7-4668-BE54-9A1E7A4F7556}") = "WebApplicationMVC", "WebApplicationMVC\WebApplicationMVC.csproj", "{570CD164-53EF-4C72-B297-D8DDEA491A47}"
EndProject
Project("{FAE04EC0-301F-11D3-BF4B-00C04F79EFBC}") = "WebApplicationMVC.DataAccess", "WebApplicationMVC.DataAccess\WebApplicationMVC.DataAccess.csproj", "{770B464B-500F-4CE1-AF6C-ADFCDE1F0CFD}"
EndProject
Global
	GlobalSection(SolutionConfigurationPlatforms) = preSolution
		Debug|Any CPU = Debug|Any CPU
		Release|Any CPU = Release|Any CPU
	EndGlobalSection
	GlobalSection(ProjectConfigurationPlatforms) = postSolution
		{570CD164-53EF-4C72-B297-D8DDEA491A47}.Debug|Any CPU.ActiveCfg = Debug|Any CPU
		{570CD164-53EF-4C72-B297-D8DDEA491A47}.Debug|Any CPU.Build.0 = Debug|Any CPU
		{570CD164-53EF-4C72-B297-D8DDEA491A47}.Release|Any CPU.ActiveCfg = Release|Any CPU
		{570CD164-53EF-4C72-B297-D8DDEA491A47}.Release|Any CPU.Build.0 = Release|Any CPU
		{770B464B-500F-4CE1-AF6C-ADFCDE1F0CFD}.Debug|Any CPU.ActiveCfg = Debug|Any CPU
		{770B464B-500F-4CE1-AF6C-ADFCDE1F0CFD}.Debug|Any CPU.Build.0 = Debug|Any CPU
		{770B464B-500F-4CE1-AF6C-ADFCDE1F0CFD}.Release|Any CPU.ActiveCfg = Release|Any CPU
		{770B464B-500F-4CE1-AF6C-ADFCDE1F0CFD}.Release|Any CPU.Build.0 = Release|Any CPU
	EndGlobalSection
	GlobalSection(SolutionProperties) = preSolution
		HideSolutionNode = FALSE
	EndGlobalSection
	GlobalSection(ExtensibilityGlobals) = postSolution
		SolutionGuid = {D277A775-D60F-43D3-9FD5-A91714ECD857}
	EndGlobalSection
EndGlobal
